
Microsoft Visual Studio Solution File, Format Version 12.00
# Visual Studio Version 17
VisualStudioVersion = 17.9.34701.34
MinimumVisualStudioVersion = 10.0.40219.1
Project("{FAE04EC0-301F-11D3-BF4B-00C04F79EFBC}") = "Lab-4(WPF)", "Lab-4(WPF).csproj", "{0F05D057-4EC4-49B9-A5CB-1FC170649364}"
EndProject
Global
	GlobalSection(SolutionConfigurationPlatforms) = preSolution
		Debug|Any CPU = Debug|Any CPU
		Release|Any CPU = Release|Any CPU
	EndGlobalSection
	GlobalSection(ProjectConfigurationPlatforms) = postSolution
		{0F05D057-4EC4-49B9-A5CB-1FC170649364}.Debug|Any CPU.ActiveCfg = Debug|Any CPU
		{0F05D057-4EC4-49B9-A5CB-1FC170649364}.Debug|Any CPU.Build.0 = Debug|Any CPU
		{0F05D057-4EC4-49B9-A5CB-1FC170649364}.Release|Any CPU.ActiveCfg = Release|Any CPU
		{0F05D057-4EC4-49B9-A5CB-1FC170649364}.Release|Any CPU.Build.0 = Release|Any CPU
	EndGlobalSection
	GlobalSection(SolutionProperties) = preSolution
		HideSolutionNode = FALSE
	EndGlobalSection
	GlobalSection(ExtensibilityGlobals) = postSolution
		SolutionGuid = {FC9B8EBB-F957-4105-A988-6CD5F8786C23}
	EndGlobalSection
EndGlobal
